
Microsoft Visual Studio Solution File, Format Version 12.00
# Visual Studio Version 17
VisualStudioVersion = 17.10.35004.147
MinimumVisualStudioVersion = 10.0.40219.1
Project("{8BC9CEB8-8B4A-11D0-8D11-00A0C91BC942}") = "long_arithmetic", "long_arithmetic\long_arithmetic.vcxproj", "{C94E7D91-D534-4EF5-9696-C57D53FD01BB}"
EndProject
Global
	GlobalSection(SolutionConfigurationPlatforms) = preSolution
		Debug|x64 = Debug|x64
		Debug|x86 = Debug|x86
		Release|x64 = Release|x64
		Release|x86 = Release|x86
	EndGlobalSection
	GlobalSection(ProjectConfigurationPlatforms) = postSolution
		{C94E7D91-D534-4EF5-9696-C57D53FD01BB}.Debug|x64.ActiveCfg = Debug|x64
		{C94E7D91-D534-4EF5-9696-C57D53FD01BB}.Debug|x64.Build.0 = Debug|x64
		{C94E7D91-D534-4EF5-9696-C57D53FD01BB}.Debug|x86.ActiveCfg = Debug|Win32
		{C94E7D91-D534-4EF5-9696-C57D53FD01BB}.Debug|x86.Build.0 = Debug|Win32
		{C94E7D91-D534-4EF5-9696-C57D53FD01BB}.Release|x64.ActiveCfg = Release|x64
		{C94E7D91-D534-4EF5-9696-C57D53FD01BB}.Release|x64.Build.0 = Release|x64
		{C94E7D91-D534-4EF5-9696-C57D53FD01BB}.Release|x86.ActiveCfg = Release|Win32
		{C94E7D91-D534-4EF5-9696-C57D53FD01BB}.Release|x86.Build.0 = Release|Win32
	EndGlobalSection
	GlobalSection(SolutionProperties) = preSolution
		HideSolutionNode = FALSE
	EndGlobalSection
	GlobalSection(ExtensibilityGlobals) = postSolution
		SolutionGuid = {54C3FCA6-DF4C-46E9-9324-239CF531BBC3}
	EndGlobalSection
EndGlobal
